// !$*UTF8*$!
{
	archiveVersion = 1;
	classes = {
	};
	objectVersion = 50;
	objects = {

/* Begin PBXBuildFile section */
		84FCEEED24E31C7B0062F40C /* AppDelegate.swift in Sources */ = {isa = PBXBuildFile; fileRef = 84FCEEEC24E31C7B0062F40C /* AppDelegate.swift */; };
		84FCEEEF24E31C7B0062F40C /* SceneDelegate.swift in Sources */ = {isa = PBXBuildFile; fileRef = 84FCEEEE24E31C7B0062F40C /* SceneDelegate.swift */; };
		84FCEEF124E31C7B0062F40C /* ViewController.swift in Sources */ = {isa = PBXBuildFile; fileRef = 84FCEEF024E31C7B0062F40C /* ViewController.swift */; };
		84FCEEF424E31C7B0062F40C /* Main.storyboard in Resources */ = {isa = PBXBuildFile; fileRef = 84FCEEF224E31C7B0062F40C /* Main.storyboard */; };
		84FCEEF624E31CE10062F40C /* Assets.xcassets in Resources */ = {isa = PBXBuildFile; fileRef = 84FCEEF524E31CE10062F40C /* Assets.xcassets */; };
		84FCEEF924E31CE10062F40C /* LaunchScreen.storyboard in Resources */ = {isa = PBXBuildFile; fileRef = 84FCEEF724E31CE10062F40C /* LaunchScreen.storyboard */; };
/* End PBXBuildFile section */

/* Begin PBXFileReference section */
		84FCEEE924E31C7A0062F40C /* rollin.app */ = {isa = PBXFileReference; explicitFileType = wrapper.application; includeInIndex = 0; path = rollin.app; sourceTree = BUILT_PRODUCTS_DIR; };
		84FCEEEC24E31C7B0062F40C /* AppDelegate.swift */ = {isa = PBXFileReference; lastKnownFileType = sourcecode.swift; path = AppDelegate.swift; sourceTree = "<group>"; };
		84FCEEEE24E31C7B0062F40C /* SceneDelegate.swift */ = {isa = PBXFileReference; lastKnownFileType = sourcecode.swift; path = SceneDelegate.swift; sourceTree = "<group>"; };
		84FCEEF024E31C7B0062F40C /* ViewController.swift */ = {isa = PBXFileReference; lastKnownFileType = sourcecode.swift; path = ViewController.swift; sourceTree = "<group>"; };
		84FCEEF324E31C7B0062F40C /* Base */ = {isa = PBXFileReference; lastKnownFileType = file.storyboard; name = Base; path = Base.lproj/Main.storyboard; sourceTree = "<group>"; };
		84FCEEF524E31CE10062F40C /* Assets.xcassets */ = {isa = PBXFileReference; lastKnownFileType = folder.assetcatalog; path = Assets.xcassets; sourceTree = "<group>"; };
		84FCEEF824E31CE10062F40C /* Base */ = {isa = PBXFileReference; lastKnownFileType = file.storyboard; name = Base; path = Base.lproj/LaunchScreen.storyboard; sourceTree = "<group>"; };
		84FCEEFA24E31CE10062F40C /* Info.plist */ = {isa = PBXFileReference; lastKnownFileType = text.plist.xml; path = Info.plist; sourceTree = "<group>"; };
/* End PBXFileReference section */

/* Begin PBXFrameworksBuildPhase section */
		84FCEEE624E31C7A0062F40C /* Frameworks */ = {
			isa = PBXFrameworksBuildPhase;
			buildActionMask = 2147483647;
			files = (
			);
			runOnlyForDeploymentPostprocessing = 0;
		};
/* End PBXFrameworksBuildPhase section */

/* Begin PBXGroup section */
		84FCEEE024E31C790062F40C = {
			isa = PBXGroup;
			children = (
				84FCEEEB24E31C7A0062F40C /* rollin */,
				84FCEEEA24E31C7A0062F40C /* Products */,
			);
			sourceTree = "<group>";
		};
		84FCEEEA24E31C7A0062F40C /* Products */ = {
			isa = PBXGroup;
			children = (
				84FCEEE924E31C7A0062F40C /* rollin.app */,
			);
			name = Products;
			sourceTree = "<group>";
		};
		84FCEEEB24E31C7A0062F40C /* rollin */ = {
			isa = PBXGroup;
			children = (
				84FCEEEC24E31C7B0062F40C /* AppDelegate.swift */,
				84FCEEEE24E31C7B0062F40C /* SceneDelegate.swift */,
				84FCEEF024E31C7B0062F40C /* ViewController.swift */,
				84FCEEF224E31C7B0062F40C /* Main.storyboard */,
				84FCEEF524E31CE10062F40C /* Assets.xcassets */,
				84FCEEF724E31CE10062F40C /* LaunchScreen.storyboard */,
				84FCEEFA24E31CE10062F40C /* Info.plist */,
			);
			path = rollin;
			sourceTree = "<group>";
		};
/* End PBXGroup section */

/* Begin PBXNativeTarget section */
		84FCEEE824E31C7A0062F40C /* rollin */ = {
			isa = PBXNativeTarget;
			buildConfigurationList = 84FCEEFD24E31CE10062F40C /* Build configuration list for PBXNativeTarget "rollin" */;
			buildPhases = (
				84FCEEE524E31C7A0062F40C /* Sources */,
				84FCEEE624E31C7A0062F40C /* Frameworks */,
				84FCEEE724E31C7A0062F40C /* Resources */,
			);
			buildRules = (
			);
			dependencies = (
			);
			name = rollin;
			productName = rollin;
			productReference = 84FCEEE924E31C7A0062F40C /* rollin.app */;
			productType = "com.apple.product-type.application";
		};
/* End PBXNativeTarget section */

/* Begin PBXProject section */
		84FCEEE124E31C790062F40C /* Project object */ = {
			isa = PBXProject;
			attributes = {
				LastSwiftUpdateCheck = 1150;
				LastUpgradeCheck = 1150;
				ORGANIZATIONNAME = DASHtech;
				TargetAttributes = {
					84FCEEE824E31C7A0062F40C = {
						CreatedOnToolsVersion = 11.5;
					};
				};
			};
			buildConfigurationList = 84FCEEE424E31C7A0062F40C /* Build configuration list for PBXProject "rollin" */;
			compatibilityVersion = "Xcode 9.3";
			developmentRegion = en;
			hasScannedForEncodings = 0;
			knownRegions = (
				en,
				Base,
			);
			mainGroup = 84FCEEE024E31C790062F40C;
			productRefGroup = 84FCEEEA24E31C7A0062F40C /* Products */;
			projectDirPath = "";
			projectRoot = "";
			targets = (
				84FCEEE824E31C7A0062F40C /* rollin */,
			);
		};
/* End PBXProject section */

/* Begin PBXResourcesBuildPhase section */
		84FCEEE724E31C7A0062F40C /* Resources */ = {
			isa = PBXResourcesBuildPhase;
			buildActionMask = 2147483647;
			files = (
				84FCEEF924E31CE10062F40C /* LaunchScreen.storyboard in Resources */,
				84FCEEF624E31CE10062F40C /* Assets.xcassets in Resources */,
				84FCEEF424E31C7B0062F40C /* Main.storyboard in Resources */,
			);
			runOnlyForDeploymentPostprocessing = 0;
		};
/* End PBXResourcesBuildPhase section */

/* Begin PBXSourcesBuildPhase section */
		84FCEEE524E31C7A0062F40C /* Sources */ = {
			isa = PBXSourcesBuildPhase;
			buildActionMask = 2147483647;
			files = (
				84FCEEF124E31C7B0062F40C /* ViewController.swift in Sources */,
				84FCEEED24E31C7B0062F40C /* AppDelegate.swift in Sources */,
				84FCEEEF24E31C7B0062F40C /* SceneDelegate.swift in Sources */,
			);
			runOnlyForDeploymentPostprocessing = 0;
		};
/* End PBXSourcesBuildPhase section */

/* Begin PBXVariantGroup section */
		84FCEEF224E31C7B0062F40C /* Main.storyboard */ = {
			isa = PBXVariantGroup;
			children = (
				84FCEEF324E31C7B0062F40C /* Base */,
			);
			name = Main.storyboard;
			sourceTree = "<group>";
		};
		84FCEEF724E31CE10062F40C /* LaunchScreen.storyboard */ = {
			isa = PBXVariantGroup;
			children = (
				84FCEEF824E31CE10062F40C /* Base */,
			);
			name = LaunchScreen.storyboard;
			sourceTree = "<group>";
		};
/* End PBXVariantGroup section */

/* Begin XCBuildConfiguration section */
		84FCEEFB24E31CE10062F40C /* Debug */ = {
			isa = XCBuildConfiguration;
			buildSettings = {
				ALWAYS_SEARCH_USER_PATHS = NO;
				CLANG_ANALYZER_NONNULL = YES;
				CLANG_ANALYZER_NUMBER_OBJECT_CONVERSION = YES_AGGRESSIVE;
				CLANG_CXX_LANGUAGE_STANDARD = "gnu++14";
				CLANG_CXX_LIBRARY = "libc++";
				CLANG_ENABLE_MODULES = YES;
				CLANG_ENABLE_OBJC_ARC = YES;
				CLANG_ENABLE_OBJC_WEAK = YES;
				CLANG_WARN_BLOCK_CAPTURE_AUTORELEASING = YES;
				CLANG_WARN_BOOL_CONVERSION = YES;
				CLANG_WARN_COMMA = YES;
				CLANG_WARN_CONSTANT_CONVERSION = YES;
				CLANG_WARN_DEPRECATED_OBJC_IMPLEMENTATIONS = YES;
				CLANG_WARN_DIRECT_OBJC_ISA_USAGE = YES_ERROR;
				CLANG_WARN_DOCUMENTATION_COMMENTS = YES;
				CLANG_WARN_EMPTY_BODY = YES;
				CLANG_WARN_ENUM_CONVERSION = YES;
				CLANG_WARN_INFINITE_RECURSION = YES;
				CLANG_WARN_INT_CONVERSION = YES;
				CLANG_WARN_NON_LITERAL_NULL_CONVERSION = YES;
				CLANG_WARN_OBJC_IMPLICIT_RETAIN_SELF = YES;
				CLANG_WARN_OBJC_LITERAL_CONVERSION = YES;
				CLANG_WARN_OBJC_ROOT_CLASS = YES_ERROR;
				CLANG_WARN_RANGE_LOOP_ANALYSIS = YES;
				CLANG_WARN_STRICT_PROTOTYPES = YES;
				CLANG_WARN_SUSPICIOUS_MOVE = YES;
				CLANG_WARN_UNGUARDED_AVAILABILITY = YES_AGGRESSIVE;
				CLANG_WARN_UNREACHABLE_CODE = YES;
				CLANG_WARN__DUPLICATE_METHOD_MATCH = YES;
				COPY_PHASE_STRIP = NO;
				DEBUG_INFORMATION_FORMAT = dwarf;
				ENABLE_STRICT_OBJC_MSGSEND = YES;
				ENABLE_TESTABILITY = YES;
				GCC_C_LANGUAGE_STANDARD = gnu11;
				GCC_DYNAMIC_NO_PIC = NO;
				GCC_NO_COMMON_BLOCKS = YES;
				GCC_OPTIMIZATION_LEVEL = 0;
				GCC_PREPROCESSOR_DEFINITIONS = (
					"DEBUG=1",
					"$(inherited)",
				);
				GCC_WARN_64_TO_32_BIT_CONVERSION = YES;
				GCC_WARN_ABOUT_RETURN_TYPE = YES_ERROR;
				GCC_WARN_UNDECLARED_SELECTOR = YES;
				GCC_WARN_UNINITIALIZED_AUTOS = YES_AGGRESSIVE;
				GCC_WARN_UNUSED_FUNCTION = YES;
				GCC_WARN_UNUSED_VARIABLE = YES;
				IPHONEOS_DEPLOYMENT_TARGET = 13.5;
				MTL_ENABLE_DEBUG_INFO = INCLUDE_SOURCE;
				MTL_FAST_MATH = YES;
				ONLY_ACTIVE_ARCH = YES;
				SDKROOT = iphoneos;
				SWIFT_ACTIVE_COMPILATION_CONDITIONS = DEBUG;
				SWIFT_OPTIMIZATION_LEVEL = "-Onone";
			};
			name = Debug;
		};
		84FCEEFC24E31CE10062F40C /* Release */ = {
			isa = XCBuildConfiguration;
			buildSettings = {
				ALWAYS_SEARCH_USER_PATHS = NO;
				CLANG_ANALYZER_NONNULL = YES;
				CLANG_ANALYZER_NUMBER_OBJECT_CONVERSION = YES_AGGRESSIVE;
				CLANG_CXX_LANGUAGE_STANDARD = "gnu++14";
				CLANG_CXX_LIBRARY = "libc++";
				CLANG_ENABLE_MODULES = YES;
				CLANG_ENABLE_OBJC_ARC = YES;
				CLANG_ENABLE_OBJC_WEAK = YES;
				CLANG_WARN_BLOCK_CAPTURE_AUTORELEASING = YES;
				CLANG_WARN_BOOL_CONVERSION = YES;
				CLANG_WARN_COMMA = YES;
				CLANG_WARN_CONSTANT_CONVERSION = YES;
				CLANG_WARN_DEPRECATED_OBJC_IMPLEMENTATIONS = YES;
				CLANG_WARN_DIRECT_OBJC_ISA_USAGE = YES_ERROR;
				CLANG_WARN_DOCUMENTATION_COMMENTS = YES;
				CLANG_WARN_EMPTY_BODY = YES;
				CLANG_WARN_ENUM_CONVERSION = YES;
				CLANG_WARN_INFINITE_RECURSION = YES;
				CLANG_WARN_INT_CONVERSION = YES;
				CLANG_WARN_NON_LITERAL_NULL_CONVERSION = YES;
				CLANG_WARN_OBJC_IMPLICIT_RETAIN_SELF = YES;
				CLANG_WARN_OBJC_LITERAL_CONVERSION = YES;
				CLANG_WARN_OBJC_ROOT_CLASS = YES_ERROR;
				CLANG_WARN_RANGE_LOOP_ANALYSIS = YES;
				CLANG_WARN_STRICT_PROTOTYPES = YES;
				CLANG_WARN_SUSPICIOUS_MOVE = YES;
				CLANG_WARN_UNGUARDED_AVAILABILITY = YES_AGGRESSIVE;
				CLANG_WARN_UNREACHABLE_CODE = YES;
				CLANG_WARN__DUPLICATE_METHOD_MATCH = YES;
				COPY_PHASE_STRIP = NO;
				DEBUG_INFORMATION_FORMAT = "dwarf-with-dsym";
				ENABLE_NS_ASSERTIONS = NO;
				ENABLE_STRICT_OBJC_MSGSEND = YES;
				GCC_C_LANGUAGE_STANDARD = gnu11;
				GCC_NO_COMMON_BLOCKS = YES;
				GCC_WARN_64_TO_32_BIT_CONVERSION = YES;
				GCC_WARN_ABOUT_RETURN_TYPE = YES_ERROR;
				GCC_WARN_UNDECLARED_SELECTOR = YES;
				GCC_WARN_UNINITIALIZED_AUTOS = YES_AGGRESSIVE;
				GCC_WARN_UNUSED_FUNCTION = YES;
				GCC_WARN_UNUSED_VARIABLE = YES;
				IPHONEOS_DEPLOYMENT_TARGET = 13.5;
				MTL_ENABLE_DEBUG_INFO = NO;
				MTL_FAST_MATH = YES;
				SDKROOT = iphoneos;
				SWIFT_COMPILATION_MODE = wholemodule;
				SWIFT_OPTIMIZATION_LEVEL = "-O";
				VALIDATE_PRODUCT = YES;
			};
			name = Release;
		};
		84FCEEFE24E31CE10062F40C /* Debug */ = {
			isa = XCBuildConfiguration;
			buildSettings = {
				ASSETCATALOG_COMPILER_APPICON_NAME = AppIcon;
				CODE_SIGN_STYLE = Automatic;
				INFOPLIST_FILE = rollin/Info.plist;
				LD_RUNPATH_SEARCH_PATHS = (
					"$(inherited)",
					"@executable_path/Frameworks",
				);
				PRODUCT_BUNDLE_IDENTIFIER = com.DASHtech.rollin;
				PRODUCT_NAME = "$(TARGET_NAME)";
				SWIFT_VERSION = 5.0;
				TARGETED_DEVICE_FAMILY = "1,2";
			};
			name = Debug;
		};
		84FCEEFF24E31CE10062F40C /* Release */ = {
			isa = XCBuildConfiguration;
			buildSettings = {
				ASSETCATALOG_COMPILER_APPICON_NAME = AppIcon;
				CODE_SIGN_STYLE = Automatic;
				INFOPLIST_FILE = rollin/Info.plist;
				LD_RUNPATH_SEARCH_PATHS = (
					"$(inherited)",
					"@executable_path/Frameworks",
				);
				PRODUCT_BUNDLE_IDENTIFIER = com.DASHtech.rollin;
				PRODUCT_NAME = "$(TARGET_NAME)";
				SWIFT_VERSION = 5.0;
				TARGETED_DEVICE_FAMILY = "1,2";
			};
			name = Release;
		};
/* End XCBuildConfiguration section */

/* Begin XCConfigurationList section */
		84FCEEE424E31C7A0062F40C /* Build configuration list for PBXProject "rollin" */ = {
			isa = XCConfigurationList;
			buildConfigurations = (
				84FCEEFB24E31CE10062F40C /* Debug */,
				84FCEEFC24E31CE10062F40C /* Release */,
			);
			defaultConfigurationIsVisible = 0;
			defaultConfigurationName = Release;
		};
		84FCEEFD24E31CE10062F40C /* Build configuration list for PBXNativeTarget "rollin" */ = {
			isa = XCConfigurationList;
			buildConfigurations = (
				84FCEEFE24E31CE10062F40C /* Debug */,
				84FCEEFF24E31CE10062F40C /* Release */,
			);
			defaultConfigurationIsVisible = 0;
			defaultConfigurationName = Release;
		};
/* End XCConfigurationList section */
	};
	rootObject = 84FCEEE124E31C790062F40C /* Project object */;
}
